// !$*UTF8*$!
{
	archiveVersion = 1;
	classes = {
	};
	objectVersion = 77;
	objects = {

/* Begin PBXBuildFile section */
		0C8E5C872F920718008191A7 /* ReplayKit.framework in Frameworks */ = {isa = PBXBuildFile; fileRef = 0C8E5C862F920718008191A7 /* ReplayKit.framework */; };
		0C8E5C922F920718008191A7 /* ReplayKit.framework in Frameworks */ = {isa = PBXBuildFile; fileRef = 0C8E5C862F920718008191A7 /* ReplayKit.framework */; };
		0C8E5C942F920718008191A7 /* UIKit.framework in Frameworks */ = {isa = PBXBuildFile; fileRef = 0C8E5C932F920718008191A7 /* UIKit.framework */; };
		0C8E5C9C2F920718008191A7 /* BroadcastExtensionSetupUI.appex in Embed Foundation Extensions */ = {isa = PBXBuildFile; fileRef = 0C8E5C912F920718008191A7 /* BroadcastExtensionSetupUI.appex */; settings = {ATTRIBUTES = (RemoveHeadersOnCopy, ); }; };
		0C8E5C9F2F920718008191A7 /* BroadcastExtension.appex in Embed Foundation Extensions */ = {isa = PBXBuildFile; fileRef = 0C8E5C842F920718008191A7 /* BroadcastExtension.appex */; settings = {ATTRIBUTES = (RemoveHeadersOnCopy, ); }; };
/* End PBXBuildFile section */

/* Begin PBXContainerItemProxy section */
		0C8E5C5B2F91DE7E008191A7 /* PBXContainerItemProxy */ = {
			isa = PBXContainerItemProxy;
			containerPortal = 0C8E5C372F91DE7C008191A7 /* Project object */;
			proxyType = 1;
			remoteGlobalIDString = 0C8E5C3E2F91DE7C008191A7;
			remoteInfo = ioscontroller;
		};
		0C8E5C652F91DE7E008191A7 /* PBXContainerItemProxy */ = {
			isa = PBXContainerItemProxy;
			containerPortal = 0C8E5C372F91DE7C008191A7 /* Project object */;
			proxyType = 1;
			remoteGlobalIDString = 0C8E5C3E2F91DE7C008191A7;
			remoteInfo = ioscontroller;
		};
		0C8E5C9A2F920718008191A7 /* PBXContainerItemProxy */ = {
			isa = PBXContainerItemProxy;
			containerPortal = 0C8E5C372F91DE7C008191A7 /* Project object */;
			proxyType = 1;
			remoteGlobalIDString = 0C8E5C902F920718008191A7;
			remoteInfo = BroadcastExtensionSetupUI;
		};
		0C8E5C9D2F920718008191A7 /* PBXContainerItemProxy */ = {
			isa = PBXContainerItemProxy;
			containerPortal = 0C8E5C372F91DE7C008191A7 /* Project object */;
			proxyType = 1;
			remoteGlobalIDString = 0C8E5C832F920718008191A7;
			remoteInfo = BroadcastExtension;
		};
/* End PBXContainerItemProxy section */

/* Begin PBXCopyFilesBuildPhase section */
		0C8E5CA82F920718008191A7 /* Embed Foundation Extensions */ = {
			isa = PBXCopyFilesBuildPhase;
			buildActionMask = 2147483647;
			dstPath = "";
			dstSubfolderSpec = 13;
			files = (
				0C8E5C9F2F920718008191A7 /* BroadcastExtension.appex in Embed Foundation Extensions */,
				0C8E5C9C2F920718008191A7 /* BroadcastExtensionSetupUI.appex in Embed Foundation Extensions */,
			);
			name = "Embed Foundation Extensions";
			runOnlyForDeploymentPostprocessing = 0;
		};
/* End PBXCopyFilesBuildPhase section */

/* Begin PBXFileReference section */
		0C41B7992F962909007CB812 /* ioscontrollerUITests.xctestplan */ = {isa = PBXFileReference; lastKnownFileType = text; path = ioscontrollerUITests.xctestplan; sourceTree = "<group>"; };
		0C8E5C3F2F91DE7C008191A7 /* ioscontroller.app */ = {isa = PBXFileReference; explicitFileType = wrapper.application; includeInIndex = 0; path = ioscontroller.app; sourceTree = BUILT_PRODUCTS_DIR; };
		0C8E5C5A2F91DE7E008191A7 /* ioscontrollerTests.xctest */ = {isa = PBXFileReference; explicitFileType = wrapper.cfbundle; includeInIndex = 0; path = ioscontrollerTests.xctest; sourceTree = BUILT_PRODUCTS_DIR; };
		0C8E5C642F91DE7E008191A7 /* ioscontrollerUITests.xctest */ = {isa = PBXFileReference; explicitFileType = wrapper.cfbundle; includeInIndex = 0; path = ioscontrollerUITests.xctest; sourceTree = BUILT_PRODUCTS_DIR; };
		0C8E5C842F920718008191A7 /* BroadcastExtension.appex */ = {isa = PBXFileReference; explicitFileType = "wrapper.app-extension"; includeInIndex = 0; path = BroadcastExtension.appex; sourceTree = BUILT_PRODUCTS_DIR; };
		0C8E5C862F920718008191A7 /* ReplayKit.framework */ = {isa = PBXFileReference; lastKnownFileType = wrapper.framework; name = ReplayKit.framework; path = System/Library/Frameworks/ReplayKit.framework; sourceTree = SDKROOT; };
		0C8E5C912F920718008191A7 /* BroadcastExtensionSetupUI.appex */ = {isa = PBXFileReference; explicitFileType = "wrapper.app-extension"; includeInIndex = 0; path = BroadcastExtensionSetupUI.appex; sourceTree = BUILT_PRODUCTS_DIR; };
		0C8E5C932F920718008191A7 /* UIKit.framework */ = {isa = PBXFileReference; lastKnownFileType = wrapper.framework; name = UIKit.framework; path = System/Library/Frameworks/UIKit.framework; sourceTree = SDKROOT; };
/* End PBXFileReference section */

/* Begin PBXFileSystemSynchronizedBuildFileExceptionSet section */
		0C8E5C6C2F91DE7E008191A7 /* Exceptions for "ioscontroller" folder in "ioscontroller" target */ = {
			isa = PBXFileSystemSynchronizedBuildFileExceptionSet;
			membershipExceptions = (
				Info.plist,
			);
			target = 0C8E5C3E2F91DE7C008191A7 /* ioscontroller */;
		};
		0C8E5CA32F920718008191A7 /* Exceptions for "BroadcastExtensionSetupUI" folder in "BroadcastExtensionSetupUI" target */ = {
			isa = PBXFileSystemSynchronizedBuildFileExceptionSet;
			membershipExceptions = (
				Info.plist,
			);
			target = 0C8E5C902F920718008191A7 /* BroadcastExtensionSetupUI */;
		};
		0C8E5CA72F920718008191A7 /* Exceptions for "BroadcastExtension" folder in "BroadcastExtension" target */ = {
			isa = PBXFileSystemSynchronizedBuildFileExceptionSet;
			membershipExceptions = (
				Info.plist,
			);
			target = 0C8E5C832F920718008191A7 /* BroadcastExtension */;
		};
/* End PBXFileSystemSynchronizedBuildFileExceptionSet section */

/* Begin PBXFileSystemSynchronizedRootGroup section */
		0C8E5C412F91DE7C008191A7 /* ioscontroller */ = {
			isa = PBXFileSystemSynchronizedRootGroup;
			exceptions = (
				0C8E5C6C2F91DE7E008191A7 /* Exceptions for "ioscontroller" folder in "ioscontroller" target */,
			);
			path = ioscontroller;
			sourceTree = "<group>";
		};
		0C8E5C5D2F91DE7E008191A7 /* ioscontrollerTests */ = {
			isa = PBXFileSystemSynchronizedRootGroup;
			path = ioscontrollerTests;
			sourceTree = "<group>";
		};
		0C8E5C672F91DE7E008191A7 /* ioscontrollerUITests */ = {
			isa = PBXFileSystemSynchronizedRootGroup;
			path = ioscontrollerUITests;
			sourceTree = "<group>";
		};
		0C8E5C882F920718008191A7 /* BroadcastExtension */ = {
			isa = PBXFileSystemSynchronizedRootGroup;
			exceptions = (
				0C8E5CA72F920718008191A7 /* Exceptions for "BroadcastExtension" folder in "BroadcastExtension" target */,
			);
			path = BroadcastExtension;
			sourceTree = "<group>";
		};
		0C8E5C952F920718008191A7 /* BroadcastExtensionSetupUI */ = {
			isa = PBXFileSystemSynchronizedRootGroup;
			exceptions = (
				0C8E5CA32F920718008191A7 /* Exceptions for "BroadcastExtensionSetupUI" folder in "BroadcastExtensionSetupUI" target */,
			);
			path = BroadcastExtensionSetupUI;
			sourceTree = "<group>";
		};
/* End PBXFileSystemSynchronizedRootGroup section */

/* Begin PBXFrameworksBuildPhase section */
		0C8E5C3C2F91DE7C008191A7 /* Frameworks */ = {
			isa = PBXFrameworksBuildPhase;
			buildActionMask = 2147483647;
			files = (
			);
			runOnlyForDeploymentPostprocessing = 0;
		};
		0C8E5C572F91DE7E008191A7 /* Frameworks */ = {
			isa = PBXFrameworksBuildPhase;
			buildActionMask = 2147483647;
			files = (
			);
			runOnlyForDeploymentPostprocessing = 0;
		};
		0C8E5C612F91DE7E008191A7 /* Frameworks */ = {
			isa = PBXFrameworksBuildPhase;
			buildActionMask = 2147483647;
			files = (
			);
			runOnlyForDeploymentPostprocessing = 0;
		};
		0C8E5C812F920718008191A7 /* Frameworks */ = {
			isa = PBXFrameworksBuildPhase;
			buildActionMask = 2147483647;
			files = (
				0C8E5C872F920718008191A7 /* ReplayKit.framework in Frameworks */,
			);
			runOnlyForDeploymentPostprocessing = 0;
		};
		0C8E5C8E2F920718008191A7 /* Frameworks */ = {
			isa = PBXFrameworksBuildPhase;
			buildActionMask = 2147483647;
			files = (
				0C8E5C922F920718008191A7 /* ReplayKit.framework in Frameworks */,
				0C8E5C942F920718008191A7 /* UIKit.framework in Frameworks */,
			);
			runOnlyForDeploymentPostprocessing = 0;
		};
/* End PBXFrameworksBuildPhase section */

/* Begin PBXGroup section */
		0C8E5C362F91DE7C008191A7 = {
			isa = PBXGroup;
			children = (
				0C41B7992F962909007CB812 /* ioscontrollerUITests.xctestplan */,
				0C8E5C412F91DE7C008191A7 /* ioscontroller */,
				0C8E5C5D2F91DE7E008191A7 /* ioscontrollerTests */,
				0C8E5C672F91DE7E008191A7 /* ioscontrollerUITests */,
				0C8E5C882F920718008191A7 /* BroadcastExtension */,
				0C8E5C952F920718008191A7 /* BroadcastExtensionSetupUI */,
				0C8E5C852F920718008191A7 /* Frameworks */,
				0C8E5C402F91DE7C008191A7 /* Products */,
			);
			sourceTree = "<group>";
		};
		0C8E5C402F91DE7C008191A7 /* Products */ = {
			isa = PBXGroup;
			children = (
				0C8E5C3F2F91DE7C008191A7 /* ioscontroller.app */,
				0C8E5C5A2F91DE7E008191A7 /* ioscontrollerTests.xctest */,
				0C8E5C642F91DE7E008191A7 /* ioscontrollerUITests.xctest */,
				0C8E5C842F920718008191A7 /* BroadcastExtension.appex */,
				0C8E5C912F920718008191A7 /* BroadcastExtensionSetupUI.appex */,
			);
			name = Products;
			sourceTree = "<group>";
		};
		0C8E5C852F920718008191A7 /* Frameworks */ = {
			isa = PBXGroup;
			children = (
				0C8E5C862F920718008191A7 /* ReplayKit.framework */,
				0C8E5C932F920718008191A7 /* UIKit.framework */,
			);
			name = Frameworks;
			sourceTree = "<group>";
		};
/* End PBXGroup section */

/* Begin PBXNativeTarget section */
		0C8E5C3E2F91DE7C008191A7 /* ioscontroller */ = {
			isa = PBXNativeTarget;
			buildConfigurationList = 0C8E5C6D2F91DE7E008191A7 /* Build configuration list for PBXNativeTarget "ioscontroller" */;
			buildPhases = (
				0C8E5C3B2F91DE7C008191A7 /* Sources */,
				0C8E5C3C2F91DE7C008191A7 /* Frameworks */,
				0C8E5C3D2F91DE7C008191A7 /* Resources */,
				0C8E5CA82F920718008191A7 /* Embed Foundation Extensions */,
			);
			buildRules = (
			);
			dependencies = (
				0C8E5C9B2F920718008191A7 /* PBXTargetDependency */,
				0C8E5C9E2F920718008191A7 /* PBXTargetDependency */,
			);
			fileSystemSynchronizedGroups = (
				0C8E5C412F91DE7C008191A7 /* ioscontroller */,
			);
			name = ioscontroller;
			productName = ioscontroller;
			productReference = 0C8E5C3F2F91DE7C008191A7 /* ioscontroller.app */;
			productType = "com.apple.product-type.application";
		};
		0C8E5C592F91DE7E008191A7 /* ioscontrollerTests */ = {
			isa = PBXNativeTarget;
			buildConfigurationList = 0C8E5C722F91DE7E008191A7 /* Build configuration list for PBXNativeTarget "ioscontrollerTests" */;
			buildPhases = (
				0C8E5C562F91DE7E008191A7 /* Sources */,
				0C8E5C572F91DE7E008191A7 /* Frameworks */,
				0C8E5C582F91DE7E008191A7 /* Resources */,
			);
			buildRules = (
			);
			dependencies = (
				0C8E5C5C2F91DE7E008191A7 /* PBXTargetDependency */,
			);
			fileSystemSynchronizedGroups = (
				0C8E5C5D2F91DE7E008191A7 /* ioscontrollerTests */,
			);
			name = ioscontrollerTests;
			productName = ioscontrollerTests;
			productReference = 0C8E5C5A2F91DE7E008191A7 /* ioscontrollerTests.xctest */;
			productType = "com.apple.product-type.bundle.unit-test";
		};
		0C8E5C632F91DE7E008191A7 /* ioscontrollerUITests */ = {
			isa = PBXNativeTarget;
			buildConfigurationList = 0C8E5C752F91DE7E008191A7 /* Build configuration list for PBXNativeTarget "ioscontrollerUITests" */;
			buildPhases = (
				0C8E5C602F91DE7E008191A7 /* Sources */,
				0C8E5C612F91DE7E008191A7 /* Frameworks */,
				0C8E5C622F91DE7E008191A7 /* Resources */,
			);
			buildRules = (
			);
			dependencies = (
				0C8E5C662F91DE7E008191A7 /* PBXTargetDependency */,
			);
			fileSystemSynchronizedGroups = (
				0C8E5C672F91DE7E008191A7 /* ioscontrollerUITests */,
			);
			name = ioscontrollerUITests;
			productName = ioscontrollerUITests;
			productReference = 0C8E5C642F91DE7E008191A7 /* ioscontrollerUITests.xctest */;
			productType = "com.apple.product-type.bundle.ui-testing";
		};
		0C8E5C832F920718008191A7 /* BroadcastExtension */ = {
			isa = PBXNativeTarget;
			buildConfigurationList = 0C8E5CA42F920718008191A7 /* Build configuration list for PBXNativeTarget "BroadcastExtension" */;
			buildPhases = (
				0C8E5C802F920718008191A7 /* Sources */,
				0C8E5C812F920718008191A7 /* Frameworks */,
				0C8E5C822F920718008191A7 /* Resources */,
			);
			buildRules = (
			);
			dependencies = (
			);
			fileSystemSynchronizedGroups = (
				0C8E5C882F920718008191A7 /* BroadcastExtension */,
			);
			name = BroadcastExtension;
			productName = BroadcastExtension;
			productReference = 0C8E5C842F920718008191A7 /* BroadcastExtension.appex */;
			productType = "com.apple.product-type.app-extension";
		};
		0C8E5C902F920718008191A7 /* BroadcastExtensionSetupUI */ = {
			isa = PBXNativeTarget;
			buildConfigurationList = 0C8E5CA02F920718008191A7 /* Build configuration list for PBXNativeTarget "BroadcastExtensionSetupUI" */;
			buildPhases = (
				0C8E5C8D2F920718008191A7 /* Sources */,
				0C8E5C8E2F920718008191A7 /* Frameworks */,
				0C8E5C8F2F920718008191A7 /* Resources */,
			);
			buildRules = (
			);
			dependencies = (
			);
			fileSystemSynchronizedGroups = (
				0C8E5C952F920718008191A7 /* BroadcastExtensionSetupUI */,
			);
			name = BroadcastExtensionSetupUI;
			productName = BroadcastExtensionSetupUI;
			productReference = 0C8E5C912F920718008191A7 /* BroadcastExtensionSetupUI.appex */;
			productType = "com.apple.product-type.app-extension";
		};
/* End PBXNativeTarget section */

/* Begin PBXProject section */
		0C8E5C372F91DE7C008191A7 /* Project object */ = {
			isa = PBXProject;
			attributes = {
				BuildIndependentTargetsInParallel = 1;
				LastUpgradeCheck = 1620;
				TargetAttributes = {
					0C8E5C3E2F91DE7C008191A7 = {
						CreatedOnToolsVersion = 16.2;
					};
					0C8E5C592F91DE7E008191A7 = {
						CreatedOnToolsVersion = 16.2;
						TestTargetID = 0C8E5C3E2F91DE7C008191A7;
					};
					0C8E5C632F91DE7E008191A7 = {
						CreatedOnToolsVersion = 16.2;
						TestTargetID = 0C8E5C3E2F91DE7C008191A7;
					};
					0C8E5C832F920718008191A7 = {
						CreatedOnToolsVersion = 16.2;
					};
					0C8E5C902F920718008191A7 = {
						CreatedOnToolsVersion = 16.2;
					};
				};
			};
			buildConfigurationList = 0C8E5C3A2F91DE7C008191A7 /* Build configuration list for PBXProject "ioscontroller" */;
			developmentRegion = en;
			hasScannedForEncodings = 0;
			knownRegions = (
				en,
				Base,
			);
			mainGroup = 0C8E5C362F91DE7C008191A7;
			minimizedProjectReferenceProxies = 1;
			preferredProjectObjectVersion = 77;
			productRefGroup = 0C8E5C402F91DE7C008191A7 /* Products */;
			projectDirPath = "";
			projectRoot = "";
			targets = (
				0C8E5C3E2F91DE7C008191A7 /* ioscontroller */,
				0C8E5C592F91DE7E008191A7 /* ioscontrollerTests */,
				0C8E5C632F91DE7E008191A7 /* ioscontrollerUITests */,
				0C8E5C832F920718008191A7 /* BroadcastExtension */,
				0C8E5C902F920718008191A7 /* BroadcastExtensionSetupUI */,
			);
		};
/* End PBXProject section */

/* Begin PBXResourcesBuildPhase section */
		0C8E5C3D2F91DE7C008191A7 /* Resources */ = {
			isa = PBXResourcesBuildPhase;
			buildActionMask = 2147483647;
			files = (
			);
			runOnlyForDeploymentPostprocessing = 0;
		};
		0C8E5C582F91DE7E008191A7 /* Resources */ = {
			isa = PBXResourcesBuildPhase;
			buildActionMask = 2147483647;
			files = (
			);
			runOnlyForDeploymentPostprocessing = 0;
		};
		0C8E5C622F91DE7E008191A7 /* Resources */ = {
			isa = PBXResourcesBuildPhase;
			buildActionMask = 2147483647;
			files = (
			);
			runOnlyForDeploymentPostprocessing = 0;
		};
		0C8E5C822F920718008191A7 /* Resources */ = {
			isa = PBXResourcesBuildPhase;
			buildActionMask = 2147483647;
			files = (
			);
			runOnlyForDeploymentPostprocessing = 0;
		};
		0C8E5C8F2F920718008191A7 /* Resources */ = {
			isa = PBXResourcesBuildPhase;
			buildActionMask = 2147483647;
			files = (
			);
			runOnlyForDeploymentPostprocessing = 0;
		};
/* End PBXResourcesBuildPhase section */

/* Begin PBXSourcesBuildPhase section */
		0C8E5C3B2F91DE7C008191A7 /* Sources */ = {
			isa = PBXSourcesBuildPhase;
			buildActionMask = 2147483647;
			files = (
			);
			runOnlyForDeploymentPostprocessing = 0;
		};
		0C8E5C562F91DE7E008191A7 /* Sources */ = {
			isa = PBXSourcesBuildPhase;
			buildActionMask = 2147483647;
			files = (
			);
			runOnlyForDeploymentPostprocessing = 0;
		};
		0C8E5C602F91DE7E008191A7 /* Sources */ = {
			isa = PBXSourcesBuildPhase;
			buildActionMask = 2147483647;
			files = (
			);
			runOnlyForDeploymentPostprocessing = 0;
		};
		0C8E5C802F920718008191A7 /* Sources */ = {
			isa = PBXSourcesBuildPhase;
			buildActionMask = 2147483647;
			files = (
			);
			runOnlyForDeploymentPostprocessing = 0;
		};
		0C8E5C8D2F920718008191A7 /* Sources */ = {
			isa = PBXSourcesBuildPhase;
			buildActionMask = 2147483647;
			files = (
			);
			runOnlyForDeploymentPostprocessing = 0;
		};
/* End PBXSourcesBuildPhase section */

/* Begin PBXTargetDependency section */
		0C8E5C5C2F91DE7E008191A7 /* PBXTargetDependency */ = {
			isa = PBXTargetDependency;
			target = 0C8E5C3E2F91DE7C008191A7 /* ioscontroller */;
			targetProxy = 0C8E5C5B2F91DE7E008191A7 /* PBXContainerItemProxy */;
		};
		0C8E5C662F91DE7E008191A7 /* PBXTargetDependency */ = {
			isa = PBXTargetDependency;
			target = 0C8E5C3E2F91DE7C008191A7 /* ioscontroller */;
			targetProxy = 0C8E5C652F91DE7E008191A7 /* PBXContainerItemProxy */;
		};
		0C8E5C9B2F920718008191A7 /* PBXTargetDependency */ = {
			isa = PBXTargetDependency;
			target = 0C8E5C902F920718008191A7 /* BroadcastExtensionSetupUI */;
			targetProxy = 0C8E5C9A2F920718008191A7 /* PBXContainerItemProxy */;
		};
		0C8E5C9E2F920718008191A7 /* PBXTargetDependency */ = {
			isa = PBXTargetDependency;
			target = 0C8E5C832F920718008191A7 /* BroadcastExtension */;
			targetProxy = 0C8E5C9D2F920718008191A7 /* PBXContainerItemProxy */;
		};
/* End PBXTargetDependency section */

/* Begin XCBuildConfiguration section */
		0C8E5C6E2F91DE7E008191A7 /* Debug */ = {
			isa = XCBuildConfiguration;
			buildSettings = {
				ASSETCATALOG_COMPILER_APPICON_NAME = AppIcon;
				ASSETCATALOG_COMPILER_GLOBAL_ACCENT_COLOR_NAME = AccentColor;
				CODE_SIGN_ENTITLEMENTS = ioscontroller/ioscontroller.entitlements;
				CODE_SIGN_STYLE = Automatic;
				CURRENT_PROJECT_VERSION = 1;
				DEVELOPMENT_TEAM = F7BNQF32P4;
				GENERATE_INFOPLIST_FILE = YES;
				INFOPLIST_FILE = ioscontroller/Info.plist;
				INFOPLIST_KEY_UIApplicationSupportsIndirectInputEvents = YES;
				INFOPLIST_KEY_UILaunchStoryboardName = LaunchScreen;
				INFOPLIST_KEY_UIMainStoryboardFile = Main;
				INFOPLIST_KEY_UISupportedInterfaceOrientations_iPad = "UIInterfaceOrientationPortrait UIInterfaceOrientationPortraitUpsideDown UIInterfaceOrientationLandscapeLeft UIInterfaceOrientationLandscapeRight";
				INFOPLIST_KEY_UISupportedInterfaceOrientations_iPhone = "UIInterfaceOrientationPortrait UIInterfaceOrientationLandscapeLeft UIInterfaceOrientationLandscapeRight";
				LD_RUNPATH_SEARCH_PATHS = (
					"$(inherited)",
					"@executable_path/Frameworks",
				);
				MARKETING_VERSION = 1.0;
				PRODUCT_BUNDLE_IDENTIFIER = com.yourappleid.ioscontroller;
				PRODUCT_NAME = "$(TARGET_NAME)";
				SWIFT_EMIT_LOC_STRINGS = YES;
				TARGETED_DEVICE_FAMILY = "1,2";
			};
			name = Debug;
		};
		0C8E5C6F2F91DE7E008191A7 /* Release */ = {
			isa = XCBuildConfiguration;
			buildSettings = {
				ASSETCATALOG_COMPILER_APPICON_NAME = AppIcon;
				ASSETCATALOG_COMPILER_GLOBAL_ACCENT_COLOR_NAME = AccentColor;
				CODE_SIGN_ENTITLEMENTS = ioscontroller/ioscontroller.entitlements;
				CODE_SIGN_STYLE = Automatic;
				CURRENT_PROJECT_VERSION = 1;
				DEVELOPMENT_TEAM = F7BNQF32P4;
				GENERATE_INFOPLIST_FILE = YES;
				INFOPLIST_FILE = ioscontroller/Info.plist;
				INFOPLIST_KEY_UIApplicationSupportsIndirectInputEvents = YES;
				INFOPLIST_KEY_UILaunchStoryboardName = LaunchScreen;
				INFOPLIST_KEY_UIMainStoryboardFile = Main;
				INFOPLIST_KEY_UISupportedInterfaceOrientations_iPad = "UIInterfaceOrientationPortrait UIInterfaceOrientationPortraitUpsideDown UIInterfaceOrientationLandscapeLeft UIInterfaceOrientationLandscapeRight";
				INFOPLIST_KEY_UISupportedInterfaceOrientations_iPhone = "UIInterfaceOrientationPortrait UIInterfaceOrientationLandscapeLeft UIInterfaceOrientationLandscapeRight";
				LD_RUNPATH_SEARCH_PATHS = (
					"$(inherited)",
					"@executable_path/Frameworks",
				);
				MARKETING_VERSION = 1.0;
				PRODUCT_BUNDLE_IDENTIFIER = com.yourappleid.ioscontroller;
				PRODUCT_NAME = "$(TARGET_NAME)";
				SWIFT_EMIT_LOC_STRINGS = YES;
				TARGETED_DEVICE_FAMILY = "1,2";
			};
			name = Release;
		};
		0C8E5C702F91DE7E008191A7 /* Debug */ = {
			isa = XCBuildConfiguration;
			buildSettings = {
				ALWAYS_SEARCH_USER_PATHS = NO;
				ASSETCATALOG_COMPILER_GENERATE_SWIFT_ASSET_SYMBOL_EXTENSIONS = YES;
				CLANG_ANALYZER_NONNULL = YES;
				CLANG_ANALYZER_NUMBER_OBJECT_CONVERSION = YES_AGGRESSIVE;
				CLANG_CXX_LANGUAGE_STANDARD = "gnu++20";
				CLANG_ENABLE_MODULES = YES;
				CLANG_ENABLE_OBJC_ARC = YES;
				CLANG_ENABLE_OBJC_WEAK = YES;
				CLANG_WARN_BLOCK_CAPTURE_AUTORELEASING = YES;
				CLANG_WARN_BOOL_CONVERSION = YES;
				CLANG_WARN_COMMA = YES;
				CLANG_WARN_CONSTANT_CONVERSION = YES;
				CLANG_WARN_DEPRECATED_OBJC_IMPLEMENTATIONS = YES;
				CLANG_WARN_DIRECT_OBJC_ISA_USAGE = YES_ERROR;
				CLANG_WARN_DOCUMENTATION_COMMENTS = YES;
				CLANG_WARN_EMPTY_BODY = YES;
				CLANG_WARN_ENUM_CONVERSION = YES;
				CLANG_WARN_INFINITE_RECURSION = YES;
				CLANG_WARN_INT_CONVERSION = YES;
				CLANG_WARN_NON_LITERAL_NULL_CONVERSION = YES;
				CLANG_WARN_OBJC_IMPLICIT_RETAIN_SELF = YES;
				CLANG_WARN_OBJC_LITERAL_CONVERSION = YES;
				CLANG_WARN_OBJC_ROOT_CLASS = YES_ERROR;
				CLANG_WARN_QUOTED_INCLUDE_IN_FRAMEWORK_HEADER = YES;
				CLANG_WARN_RANGE_LOOP_ANALYSIS = YES;
				CLANG_WARN_STRICT_PROTOTYPES = YES;
				CLANG_WARN_SUSPICIOUS_MOVE = YES;
				CLANG_WARN_UNGUARDED_AVAILABILITY = YES_AGGRESSIVE;
				CLANG_WARN_UNREACHABLE_CODE = YES;
				CLANG_WARN__DUPLICATE_METHOD_MATCH = YES;
				COPY_PHASE_STRIP = NO;
				DEBUG_INFORMATION_FORMAT = dwarf;
				ENABLE_STRICT_OBJC_MSGSEND = YES;
				ENABLE_TESTABILITY = YES;
				ENABLE_USER_SCRIPT_SANDBOXING = YES;
				GCC_C_LANGUAGE_STANDARD = gnu17;
				GCC_DYNAMIC_NO_PIC = NO;
				GCC_NO_COMMON_BLOCKS = YES;
				GCC_OPTIMIZATION_LEVEL = 0;
				GCC_PREPROCESSOR_DEFINITIONS = (
					"DEBUG=1",
					"$(inherited)",
				);
				GCC_WARN_64_TO_32_BIT_CONVERSION = YES;
				GCC_WARN_ABOUT_RETURN_TYPE = YES_ERROR;
				GCC_WARN_UNDECLARED_SELECTOR = YES;
				GCC_WARN_UNINITIALIZED_AUTOS = YES_AGGRESSIVE;
				GCC_WARN_UNUSED_FUNCTION = YES;
				GCC_WARN_UNUSED_VARIABLE = YES;
				IPHONEOS_DEPLOYMENT_TARGET = 18.2;
				LOCALIZATION_PREFERS_STRING_CATALOGS = YES;
				MTL_ENABLE_DEBUG_INFO = INCLUDE_SOURCE;
				MTL_FAST_MATH = YES;
				ONLY_ACTIVE_ARCH = YES;
				SDKROOT = iphoneos;
			};
			name = Debug;
		};
		0C8E5C712F91DE7E008191A7 /* Release */ = {
			isa = XCBuildConfiguration;
			buildSettings = {
				ALWAYS_SEARCH_USER_PATHS = NO;
				ASSETCATALOG_COMPILER_GENERATE_SWIFT_ASSET_SYMBOL_EXTENSIONS = YES;
				CLANG_ANALYZER_NONNULL = YES;
				CLANG_ANALYZER_NUMBER_OBJECT_CONVERSION = YES_AGGRESSIVE;
				CLANG_CXX_LANGUAGE_STANDARD = "gnu++20";
				CLANG_ENABLE_MODULES = YES;
				CLANG_ENABLE_OBJC_ARC = YES;
				CLANG_ENABLE_OBJC_WEAK = YES;
				CLANG_WARN_BLOCK_CAPTURE_AUTORELEASING = YES;
				CLANG_WARN_BOOL_CONVERSION = YES;
				CLANG_WARN_COMMA = YES;
				CLANG_WARN_CONSTANT_CONVERSION = YES;
				CLANG_WARN_DEPRECATED_OBJC_IMPLEMENTATIONS = YES;
				CLANG_WARN_DIRECT_OBJC_ISA_USAGE = YES_ERROR;
				CLANG_WARN_DOCUMENTATION_COMMENTS = YES;
				CLANG_WARN_EMPTY_BODY = YES;
				CLANG_WARN_ENUM_CONVERSION = YES;
				CLANG_WARN_INFINITE_RECURSION = YES;
				CLANG_WARN_INT_CONVERSION = YES;
				CLANG_WARN_NON_LITERAL_NULL_CONVERSION = YES;
				CLANG_WARN_OBJC_IMPLICIT_RETAIN_SELF = YES;
				CLANG_WARN_OBJC_LITERAL_CONVERSION = YES;
				CLANG_WARN_OBJC_ROOT_CLASS = YES_ERROR;
				CLANG_WARN_QUOTED_INCLUDE_IN_FRAMEWORK_HEADER = YES;
				CLANG_WARN_RANGE_LOOP_ANALYSIS = YES;
				CLANG_WARN_STRICT_PROTOTYPES = YES;
				CLANG_WARN_SUSPICIOUS_MOVE = YES;
				CLANG_WARN_UNGUARDED_AVAILABILITY = YES_AGGRESSIVE;
				CLANG_WARN_UNREACHABLE_CODE = YES;
				CLANG_WARN__DUPLICATE_METHOD_MATCH = YES;
				COPY_PHASE_STRIP = NO;
				DEBUG_INFORMATION_FORMAT = "dwarf-with-dsym";
				ENABLE_NS_ASSERTIONS = NO;
				ENABLE_STRICT_OBJC_MSGSEND = YES;
				ENABLE_USER_SCRIPT_SANDBOXING = YES;
				GCC_C_LANGUAGE_STANDARD = gnu17;
				GCC_NO_COMMON_BLOCKS = YES;
				GCC_WARN_64_TO_32_BIT_CONVERSION = YES;
				GCC_WARN_ABOUT_RETURN_TYPE = YES_ERROR;
				GCC_WARN_UNDECLARED_SELECTOR = YES;
				GCC_WARN_UNINITIALIZED_AUTOS = YES_AGGRESSIVE;
				GCC_WARN_UNUSED_FUNCTION = YES;
				GCC_WARN_UNUSED_VARIABLE = YES;
				IPHONEOS_DEPLOYMENT_TARGET = 18.2;
				LOCALIZATION_PREFERS_STRING_CATALOGS = YES;
				MTL_ENABLE_DEBUG_INFO = NO;
				MTL_FAST_MATH = YES;
				SDKROOT = iphoneos;
				VALIDATE_PRODUCT = YES;
			};
			name = Release;
		};
		0C8E5C732F91DE7E008191A7 /* Debug */ = {
			isa = XCBuildConfiguration;
			buildSettings = {
				BUNDLE_LOADER = "$(TEST_HOST)";
				CODE_SIGN_STYLE = Automatic;
				CURRENT_PROJECT_VERSION = 1;
				DEVELOPMENT_TEAM = F7BNQF32P4;
				GENERATE_INFOPLIST_FILE = YES;
				IPHONEOS_DEPLOYMENT_TARGET = 18.2;
				MARKETING_VERSION = 1.0;
				PRODUCT_BUNDLE_IDENTIFIER = com.yourappleid.ioscontrollerTests;
				PRODUCT_NAME = "$(TARGET_NAME)";
				SWIFT_EMIT_LOC_STRINGS = NO;
				TARGETED_DEVICE_FAMILY = "1,2";
				TEST_HOST = "$(BUILT_PRODUCTS_DIR)/ioscontroller.app/$(BUNDLE_EXECUTABLE_FOLDER_PATH)/ioscontroller";
			};
			name = Debug;
		};
		0C8E5C742F91DE7E008191A7 /* Release */ = {
			isa = XCBuildConfiguration;
			buildSettings = {
				BUNDLE_LOADER = "$(TEST_HOST)";
				CODE_SIGN_STYLE = Automatic;
				CURRENT_PROJECT_VERSION = 1;
				DEVELOPMENT_TEAM = F7BNQF32P4;
				GENERATE_INFOPLIST_FILE = YES;
				IPHONEOS_DEPLOYMENT_TARGET = 18.2;
				MARKETING_VERSION = 1.0;
				PRODUCT_BUNDLE_IDENTIFIER = com.yourappleid.ioscontrollerTests;
				PRODUCT_NAME = "$(TARGET_NAME)";
				SWIFT_EMIT_LOC_STRINGS = NO;
				TARGETED_DEVICE_FAMILY = "1,2";
				TEST_HOST = "$(BUILT_PRODUCTS_DIR)/ioscontroller.app/$(BUNDLE_EXECUTABLE_FOLDER_PATH)/ioscontroller";
			};
			name = Release;
		};
		0C8E5C762F91DE7E008191A7 /* Debug */ = {
			isa = XCBuildConfiguration;
			buildSettings = {
				CODE_SIGN_STYLE = Automatic;
				CURRENT_PROJECT_VERSION = 1;
				DEVELOPMENT_TEAM = F7BNQF32P4;
				GENERATE_INFOPLIST_FILE = YES;
				INFOPLIST_KEY_NSAppTransportSecurity_NSAllowsArbitraryLoads = YES;
				INFOPLIST_KEY_NSAppTransportSecurity_NSAllowsLocalNetworking = YES;
				MARKETING_VERSION = 1.0;
				PRODUCT_BUNDLE_IDENTIFIER = com.yourappleid.ioscontrollerUITests;
				PRODUCT_NAME = "$(TARGET_NAME)";
				SWIFT_EMIT_LOC_STRINGS = NO;
				TARGETED_DEVICE_FAMILY = "1,2";
				TEST_TARGET_NAME = ioscontroller;
			};
			name = Debug;
		};
		0C8E5C772F91DE7E008191A7 /* Release */ = {
			isa = XCBuildConfiguration;
			buildSettings = {
				CODE_SIGN_STYLE = Automatic;
				CURRENT_PROJECT_VERSION = 1;
				DEVELOPMENT_TEAM = F7BNQF32P4;
				GENERATE_INFOPLIST_FILE = YES;
				INFOPLIST_KEY_NSAppTransportSecurity_NSAllowsArbitraryLoads = YES;
				INFOPLIST_KEY_NSAppTransportSecurity_NSAllowsLocalNetworking = YES;
				MARKETING_VERSION = 1.0;
				PRODUCT_BUNDLE_IDENTIFIER = com.yourappleid.ioscontrollerUITests;
				PRODUCT_NAME = "$(TARGET_NAME)";
				SWIFT_EMIT_LOC_STRINGS = NO;
				TARGETED_DEVICE_FAMILY = "1,2";
				TEST_TARGET_NAME = ioscontroller;
			};
			name = Release;
		};
		0C8E5CA12F920718008191A7 /* Debug */ = {
			isa = XCBuildConfiguration;
			buildSettings = {
				CODE_SIGN_ENTITLEMENTS = BroadcastExtensionSetupUI/BroadcastExtensionSetupUI.entitlements;
				CODE_SIGN_STYLE = Automatic;
				CURRENT_PROJECT_VERSION = 1;
				DEVELOPMENT_TEAM = F7BNQF32P4;
				GENERATE_INFOPLIST_FILE = YES;
				INFOPLIST_FILE = BroadcastExtensionSetupUI/Info.plist;
				INFOPLIST_KEY_CFBundleDisplayName = BroadcastExtensionSetupUI;
				INFOPLIST_KEY_NSHumanReadableCopyright = "";
				LD_RUNPATH_SEARCH_PATHS = (
					"$(inherited)",
					"@executable_path/Frameworks",
					"@executable_path/../../Frameworks",
				);
				MARKETING_VERSION = 1.0;
				PRODUCT_BUNDLE_IDENTIFIER = com.yourappleid.ioscontroller.BroadcastExtensionSetupUI;
				PRODUCT_NAME = "$(TARGET_NAME)";
				SKIP_INSTALL = YES;
				SWIFT_EMIT_LOC_STRINGS = YES;
				TARGETED_DEVICE_FAMILY = "1,2";
			};
			name = Debug;
		};
		0C8E5CA22F920718008191A7 /* Release */ = {
			isa = XCBuildConfiguration;
			buildSettings = {
				CODE_SIGN_ENTITLEMENTS = BroadcastExtensionSetupUI/BroadcastExtensionSetupUI.entitlements;
				CODE_SIGN_STYLE = Automatic;
				CURRENT_PROJECT_VERSION = 1;
				DEVELOPMENT_TEAM = F7BNQF32P4;
				GENERATE_INFOPLIST_FILE = YES;
				INFOPLIST_FILE = BroadcastExtensionSetupUI/Info.plist;
				INFOPLIST_KEY_CFBundleDisplayName = BroadcastExtensionSetupUI;
				INFOPLIST_KEY_NSHumanReadableCopyright = "";
				LD_RUNPATH_SEARCH_PATHS = (
					"$(inherited)",
					"@executable_path/Frameworks",
					"@executable_path/../../Frameworks",
				);
				MARKETING_VERSION = 1.0;
				PRODUCT_BUNDLE_IDENTIFIER = com.yourappleid.ioscontroller.BroadcastExtensionSetupUI;
				PRODUCT_NAME = "$(TARGET_NAME)";
				SKIP_INSTALL = YES;
				SWIFT_EMIT_LOC_STRINGS = YES;
				TARGETED_DEVICE_FAMILY = "1,2";
			};
			name = Release;
		};
		0C8E5CA52F920718008191A7 /* Debug */ = {
			isa = XCBuildConfiguration;
			buildSettings = {
				CODE_SIGN_ENTITLEMENTS = BroadcastExtension/BroadcastExtension.entitlements;
				CODE_SIGN_STYLE = Automatic;
				CURRENT_PROJECT_VERSION = 1;
				DEVELOPMENT_TEAM = F7BNQF32P4;
				GENERATE_INFOPLIST_FILE = YES;
				INFOPLIST_FILE = BroadcastExtension/Info.plist;
				INFOPLIST_KEY_CFBundleDisplayName = BroadcastExtension;
				INFOPLIST_KEY_NSHumanReadableCopyright = "";
				LD_RUNPATH_SEARCH_PATHS = (
					"$(inherited)",
					"@executable_path/Frameworks",
					"@executable_path/../../Frameworks",
				);
				MARKETING_VERSION = 1.0;
				PRODUCT_BUNDLE_IDENTIFIER = com.yourappleid.ioscontroller.BroadcastExtension;
				PRODUCT_NAME = "$(TARGET_NAME)";
				SKIP_INSTALL = YES;
				SWIFT_EMIT_LOC_STRINGS = YES;
				TARGETED_DEVICE_FAMILY = "1,2";
			};
			name = Debug;
		};
		0C8E5CA62F920718008191A7 /* Release */ = {
			isa = XCBuildConfiguration;
			buildSettings = {
				CODE_SIGN_ENTITLEMENTS = BroadcastExtension/BroadcastExtension.entitlements;
				CODE_SIGN_STYLE = Automatic;
				CURRENT_PROJECT_VERSION = 1;
				DEVELOPMENT_TEAM = F7BNQF32P4;
				GENERATE_INFOPLIST_FILE = YES;
				INFOPLIST_FILE = BroadcastExtension/Info.plist;
				INFOPLIST_KEY_CFBundleDisplayName = BroadcastExtension;
				INFOPLIST_KEY_NSHumanReadableCopyright = "";
				LD_RUNPATH_SEARCH_PATHS = (
					"$(inherited)",
					"@executable_path/Frameworks",
					"@executable_path/../../Frameworks",
				);
				MARKETING_VERSION = 1.0;
				PRODUCT_BUNDLE_IDENTIFIER = com.yourappleid.ioscontroller.BroadcastExtension;
				PRODUCT_NAME = "$(TARGET_NAME)";
				SKIP_INSTALL = YES;
				SWIFT_EMIT_LOC_STRINGS = YES;
				TARGETED_DEVICE_FAMILY = "1,2";
			};
			name = Release;
		};
/* End XCBuildConfiguration section */

/* Begin XCConfigurationList section */
		0C8E5C3A2F91DE7C008191A7 /* Build configuration list for PBXProject "ioscontroller" */ = {
			isa = XCConfigurationList;
			buildConfigurations = (
				0C8E5C702F91DE7E008191A7 /* Debug */,
				0C8E5C712F91DE7E008191A7 /* Release */,
			);
			defaultConfigurationIsVisible = 0;
			defaultConfigurationName = Release;
		};
		0C8E5C6D2F91DE7E008191A7 /* Build configuration list for PBXNativeTarget "ioscontroller" */ = {
			isa = XCConfigurationList;
			buildConfigurations = (
				0C8E5C6E2F91DE7E008191A7 /* Debug */,
				0C8E5C6F2F91DE7E008191A7 /* Release */,
			);
			defaultConfigurationIsVisible = 0;
			defaultConfigurationName = Release;
		};
		0C8E5C722F91DE7E008191A7 /* Build configuration list for PBXNativeTarget "ioscontrollerTests" */ = {
			isa = XCConfigurationList;
			buildConfigurations = (
				0C8E5C732F91DE7E008191A7 /* Debug */,
				0C8E5C742F91DE7E008191A7 /* Release */,
			);
			defaultConfigurationIsVisible = 0;
			defaultConfigurationName = Release;
		};
		0C8E5C752F91DE7E008191A7 /* Build configuration list for PBXNativeTarget "ioscontrollerUITests" */ = {
			isa = XCConfigurationList;
			buildConfigurations = (
				0C8E5C762F91DE7E008191A7 /* Debug */,
				0C8E5C772F91DE7E008191A7 /* Release */,
			);
			defaultConfigurationIsVisible = 0;
			defaultConfigurationName = Release;
		};
		0C8E5CA02F920718008191A7 /* Build configuration list for PBXNativeTarget "BroadcastExtensionSetupUI" */ = {
			isa = XCConfigurationList;
			buildConfigurations = (
				0C8E5CA12F920718008191A7 /* Debug */,
				0C8E5CA22F920718008191A7 /* Release */,
			);
			defaultConfigurationIsVisible = 0;
			defaultConfigurationName = Release;
		};
		0C8E5CA42F920718008191A7 /* Build configuration list for PBXNativeTarget "BroadcastExtension" */ = {
			isa = XCConfigurationList;
			buildConfigurations = (
				0C8E5CA52F920718008191A7 /* Debug */,
				0C8E5CA62F920718008191A7 /* Release */,
			);
			defaultConfigurationIsVisible = 0;
			defaultConfigurationName = Release;
		};
/* End XCConfigurationList section */
	};
	rootObject = 0C8E5C372F91DE7C008191A7 /* Project object */;
}
